// !$*UTF8*$!
{
	archiveVersion = 1;
	classes = {
	};
	objectVersion = 77;
	objects = {

/* Begin PBXBuildFile section */
		61B7AABD2D1AE07B00614D00 /* Book.swift in Sources */ = {isa = PBXBuildFile; fileRef = 61B7AABC2D1AE07B00614D00 /* Book.swift */; };
		61B7AAC12D1AE72800614D00 /* BookCell.swift in Sources */ = {isa = PBXBuildFile; fileRef = 61B7AAC02D1AE72800614D00 /* BookCell.swift */; };
		61CB69BC2D181C150049626B /* AppDelegate.swift in Sources */ = {isa = PBXBuildFile; fileRef = 61CB69B22D181C150049626B /* AppDelegate.swift */; };
		61CB69BD2D181C150049626B /* SceneDelegate.swift in Sources */ = {isa = PBXBuildFile; fileRef = 61CB69B92D181C150049626B /* SceneDelegate.swift */; };
		61CB69BE2D181C150049626B /* BooksViewController.swift in Sources */ = {isa = PBXBuildFile; fileRef = 61CB69BA2D181C150049626B /* BooksViewController.swift */; };
		61CB69BF2D181C150049626B /* Assets.xcassets in Resources */ = {isa = PBXBuildFile; fileRef = 61CB69B32D181C150049626B /* Assets.xcassets */; };
		61CB69C12D181C150049626B /* LaunchScreen.storyboard in Resources */ = {isa = PBXBuildFile; fileRef = 61CB69B62D181C150049626B /* LaunchScreen.storyboard */; };
		61CB69C22D181C150049626B /* Main.storyboard in Resources */ = {isa = PBXBuildFile; fileRef = 61CB69B82D181C150049626B /* Main.storyboard */; };
/* End PBXBuildFile section */

/* Begin PBXFileReference section */
		61B7AABC2D1AE07B00614D00 /* Book.swift */ = {isa = PBXFileReference; lastKnownFileType = sourcecode.swift; path = Book.swift; sourceTree = "<group>"; };
		61B7AAC02D1AE72800614D00 /* BookCell.swift */ = {isa = PBXFileReference; lastKnownFileType = sourcecode.swift; path = BookCell.swift; sourceTree = "<group>"; };
		61CB699A2D181B8A0049626B /* NetworkingHW32.app */ = {isa = PBXFileReference; explicitFileType = wrapper.application; includeInIndex = 0; path = NetworkingHW32.app; sourceTree = BUILT_PRODUCTS_DIR; };
		61CB69B22D181C150049626B /* AppDelegate.swift */ = {isa = PBXFileReference; lastKnownFileType = sourcecode.swift; path = AppDelegate.swift; sourceTree = "<group>"; };
		61CB69B32D181C150049626B /* Assets.xcassets */ = {isa = PBXFileReference; lastKnownFileType = folder.assetcatalog; path = Assets.xcassets; sourceTree = "<group>"; };
		61CB69B42D181C150049626B /* Info.plist */ = {isa = PBXFileReference; lastKnownFileType = text.plist.xml; path = Info.plist; sourceTree = "<group>"; };
		61CB69B52D181C150049626B /* Base */ = {isa = PBXFileReference; lastKnownFileType = file.storyboard; name = Base; path = Base.lproj/LaunchScreen.storyboard; sourceTree = "<group>"; };
		61CB69B72D181C150049626B /* Base */ = {isa = PBXFileReference; lastKnownFileType = file.storyboard; name = Base; path = Base.lproj/Main.storyboard; sourceTree = "<group>"; };
		61CB69B92D181C150049626B /* SceneDelegate.swift */ = {isa = PBXFileReference; lastKnownFileType = sourcecode.swift; path = SceneDelegate.swift; sourceTree = "<group>"; };
		61CB69BA2D181C150049626B /* BooksViewController.swift */ = {isa = PBXFileReference; lastKnownFileType = sourcecode.swift; path = BooksViewController.swift; sourceTree = "<group>"; };
/* End PBXFileReference section */

/* Begin PBXFrameworksBuildPhase section */
		61CB69972D181B8A0049626B /* Frameworks */ = {
			isa = PBXFrameworksBuildPhase;
			buildActionMask = 2147483647;
			files = (
			);
			runOnlyForDeploymentPostprocessing = 0;
		};
/* End PBXFrameworksBuildPhase section */

/* Begin PBXGroup section */
		61CB69912D181B8A0049626B = {
			isa = PBXGroup;
			children = (
				61CB69BB2D181C150049626B /* NetworkingHW32 */,
				61CB699B2D181B8A0049626B /* Products */,
			);
			sourceTree = "<group>";
		};
		61CB699B2D181B8A0049626B /* Products */ = {
			isa = PBXGroup;
			children = (
				61CB699A2D181B8A0049626B /* NetworkingHW32.app */,
			);
			name = Products;
			sourceTree = "<group>";
		};
		61CB69BB2D181C150049626B /* NetworkingHW32 */ = {
			isa = PBXGroup;
			children = (
				61CB69C42D182B8E0049626B /* ViewControllers */,
				61CB69C52D182BBD0049626B /* Views */,
				61CB69C62D182BCD0049626B /* Models */,
				61CB69C72D182BEA0049626B /* Storyboards */,
				61CB69C82D182C100049626B /* App */,
				61CB69C92D182C330049626B /* Resources */,
			);
			path = NetworkingHW32;
			sourceTree = "<group>";
		};
		61CB69C42D182B8E0049626B /* ViewControllers */ = {
			isa = PBXGroup;
			children = (
				61CB69BA2D181C150049626B /* BooksViewController.swift */,
			);
			path = ViewControllers;
			sourceTree = "<group>";
		};
		61CB69C52D182BBD0049626B /* Views */ = {
			isa = PBXGroup;
			children = (
				61B7AAC02D1AE72800614D00 /* BookCell.swift */,
			);
			path = Views;
			sourceTree = "<group>";
		};
		61CB69C62D182BCD0049626B /* Models */ = {
			isa = PBXGroup;
			children = (
				61B7AABC2D1AE07B00614D00 /* Book.swift */,
			);
			path = Models;
			sourceTree = "<group>";
		};
		61CB69C72D182BEA0049626B /* Storyboards */ = {
			isa = PBXGroup;
			children = (
				61CB69B62D181C150049626B /* LaunchScreen.storyboard */,
				61CB69B82D181C150049626B /* Main.storyboard */,
			);
			path = Storyboards;
			sourceTree = "<group>";
		};
		61CB69C82D182C100049626B /* App */ = {
			isa = PBXGroup;
			children = (
				61CB69B22D181C150049626B /* AppDelegate.swift */,
				61CB69B92D181C150049626B /* SceneDelegate.swift */,
				61CB69B42D181C150049626B /* Info.plist */,
			);
			path = App;
			sourceTree = "<group>";
		};
		61CB69C92D182C330049626B /* Resources */ = {
			isa = PBXGroup;
			children = (
				61CB69B32D181C150049626B /* Assets.xcassets */,
			);
			path = Resources;
			sourceTree = "<group>";
		};
/* End PBXGroup section */

/* Begin PBXNativeTarget section */
		61CB69992D181B8A0049626B /* NetworkingHW32 */ = {
			isa = PBXNativeTarget;
			buildConfigurationList = 61CB69AD2D181B8C0049626B /* Build configuration list for PBXNativeTarget "NetworkingHW32" */;
			buildPhases = (
				61CB69962D181B8A0049626B /* Sources */,
				61CB69972D181B8A0049626B /* Frameworks */,
				61CB69982D181B8A0049626B /* Resources */,
			);
			buildRules = (
			);
			dependencies = (
			);
			name = NetworkingHW32;
			packageProductDependencies = (
			);
			productName = NetworkingHW32;
			productReference = 61CB699A2D181B8A0049626B /* NetworkingHW32.app */;
			productType = "com.apple.product-type.application";
		};
/* End PBXNativeTarget section */

/* Begin PBXProject section */
		61CB69922D181B8A0049626B /* Project object */ = {
			isa = PBXProject;
			attributes = {
				BuildIndependentTargetsInParallel = 1;
				LastSwiftUpdateCheck = 1620;
				LastUpgradeCheck = 1620;
				TargetAttributes = {
					61CB69992D181B8A0049626B = {
						CreatedOnToolsVersion = 16.2;
					};
				};
			};
			buildConfigurationList = 61CB69952D181B8A0049626B /* Build configuration list for PBXProject "NetworkingHW32" */;
			developmentRegion = en;
			hasScannedForEncodings = 0;
			knownRegions = (
				en,
				Base,
			);
			mainGroup = 61CB69912D181B8A0049626B;
			minimizedProjectReferenceProxies = 1;
			preferredProjectObjectVersion = 77;
			productRefGroup = 61CB699B2D181B8A0049626B /* Products */;
			projectDirPath = "";
			projectRoot = "";
			targets = (
				61CB69992D181B8A0049626B /* NetworkingHW32 */,
			);
		};
/* End PBXProject section */

/* Begin PBXResourcesBuildPhase section */
		61CB69982D181B8A0049626B /* Resources */ = {
			isa = PBXResourcesBuildPhase;
			buildActionMask = 2147483647;
			files = (
				61CB69BF2D181C150049626B /* Assets.xcassets in Resources */,
				61CB69C12D181C150049626B /* LaunchScreen.storyboard in Resources */,
				61CB69C22D181C150049626B /* Main.storyboard in Resources */,
			);
			runOnlyForDeploymentPostprocessing = 0;
		};
/* End PBXResourcesBuildPhase section */

/* Begin PBXSourcesBuildPhase section */
		61CB69962D181B8A0049626B /* Sources */ = {
			isa = PBXSourcesBuildPhase;
			buildActionMask = 2147483647;
			files = (
				61CB69BC2D181C150049626B /* AppDelegate.swift in Sources */,
				61B7AAC12D1AE72800614D00 /* BookCell.swift in Sources */,
				61CB69BD2D181C150049626B /* SceneDelegate.swift in Sources */,
				61B7AABD2D1AE07B00614D00 /* Book.swift in Sources */,
				61CB69BE2D181C150049626B /* BooksViewController.swift in Sources */,
			);
			runOnlyForDeploymentPostprocessing = 0;
		};
/* End PBXSourcesBuildPhase section */

/* Begin PBXVariantGroup section */
		61CB69B62D181C150049626B /* LaunchScreen.storyboard */ = {
			isa = PBXVariantGroup;
			children = (
				61CB69B52D181C150049626B /* Base */,
			);
			name = LaunchScreen.storyboard;
			sourceTree = "<group>";
		};
		61CB69B82D181C150049626B /* Main.storyboard */ = {
			isa = PBXVariantGroup;
			children = (
				61CB69B72D181C150049626B /* Base */,
			);
			name = Main.storyboard;
			sourceTree = "<group>";
		};
/* End PBXVariantGroup section */

/* Begin XCBuildConfiguration section */
		61CB69AE2D181B8C0049626B /* Debug */ = {
			isa = XCBuildConfiguration;
			buildSettings = {
				ASSETCATALOG_COMPILER_APPICON_NAME = AppIcon;
				ASSETCATALOG_COMPILER_GLOBAL_ACCENT_COLOR_NAME = AccentColor;
				CODE_SIGN_STYLE = Automatic;
				CURRENT_PROJECT_VERSION = 1;
				DEVELOPMENT_TEAM = 6YNP6SHCFL;
				GENERATE_INFOPLIST_FILE = YES;
				INFOPLIST_FILE = NetworkingHW32/App/Info.plist;
				INFOPLIST_KEY_UIApplicationSupportsIndirectInputEvents = YES;
				INFOPLIST_KEY_UILaunchStoryboardName = LaunchScreen;
				INFOPLIST_KEY_UIMainStoryboardFile = Main;
				INFOPLIST_KEY_UISupportedInterfaceOrientations = UIInterfaceOrientationPortrait;
				INFOPLIST_KEY_UISupportedInterfaceOrientations_iPad = "UIInterfaceOrientationLandscapeLeft UIInterfaceOrientationLandscapeRight UIInterfaceOrientationPortrait UIInterfaceOrientationPortraitUpsideDown";
				IPHONEOS_DEPLOYMENT_TARGET = 17.0;
				LD_RUNPATH_SEARCH_PATHS = (
					"$(inherited)",
					"@executable_path/Frameworks",
				);
				MARKETING_VERSION = 1.0;
				PRODUCT_BUNDLE_IDENTIFIER = "lenspigel0-rambler.ru.NetworkingHW32";
				PRODUCT_NAME = "$(TARGET_NAME)";
				SUPPORTED_PLATFORMS = "iphoneos iphonesimulator";
				SUPPORTS_MACCATALYST = NO;
				SUPPORTS_MAC_DESIGNED_FOR_IPHONE_IPAD = NO;
				SUPPORTS_XR_DESIGNED_FOR_IPHONE_IPAD = NO;
				SWIFT_EMIT_LOC_STRINGS = YES;
				SWIFT_VERSION = 5.0;
				TARGETED_DEVICE_FAMILY = 1;
			};
			name = Debug;
		};
		61CB69AF2D181B8C0049626B /* Release */ = {
			isa = XCBuildConfiguration;
			buildSettings = {
				ASSETCATALOG_COMPILER_APPICON_NAME = AppIcon;
				ASSETCATALOG_COMPILER_GLOBAL_ACCENT_COLOR_NAME = AccentColor;
				CODE_SIGN_STYLE = Automatic;
				CURRENT_PROJECT_VERSION = 1;
				DEVELOPMENT_TEAM = 6YNP6SHCFL;
				GENERATE_INFOPLIST_FILE = YES;
				INFOPLIST_FILE = NetworkingHW32/App/Info.plist;
				INFOPLIST_KEY_UIApplicationSupportsIndirectInputEvents = YES;
				INFOPLIST_KEY_UILaunchStoryboardName = LaunchScreen;
				INFOPLIST_KEY_UIMainStoryboardFile = Main;
				INFOPLIST_KEY_UISupportedInterfaceOrientations = UIInterfaceOrientationPortrait;
				INFOPLIST_KEY_UISupportedInterfaceOrientations_iPad = "UIInterfaceOrientationLandscapeLeft UIInterfaceOrientationLandscapeRight UIInterfaceOrientationPortrait UIInterfaceOrientationPortraitUpsideDown";
				IPHONEOS_DEPLOYMENT_TARGET = 17.0;
				LD_RUNPATH_SEARCH_PATHS = (
					"$(inherited)",
					"@executable_path/Frameworks",
				);
				MARKETING_VERSION = 1.0;
				PRODUCT_BUNDLE_IDENTIFIER = "lenspigel0-rambler.ru.NetworkingHW32";
				PRODUCT_NAME = "$(TARGET_NAME)";
				SUPPORTED_PLATFORMS = "iphoneos iphonesimulator";
				SUPPORTS_MACCATALYST = NO;
				SUPPORTS_MAC_DESIGNED_FOR_IPHONE_IPAD = NO;
				SUPPORTS_XR_DESIGNED_FOR_IPHONE_IPAD = NO;
				SWIFT_EMIT_LOC_STRINGS = YES;
				SWIFT_VERSION = 5.0;
				TARGETED_DEVICE_FAMILY = 1;
			};
			name = Release;
		};
		61CB69B02D181B8C0049626B /* Debug */ = {
			isa = XCBuildConfiguration;
			buildSettings = {
				ALWAYS_SEARCH_USER_PATHS = NO;
				ASSETCATALOG_COMPILER_GENERATE_SWIFT_ASSET_SYMBOL_EXTENSIONS = YES;
				CLANG_ANALYZER_NONNULL = YES;
				CLANG_ANALYZER_NUMBER_OBJECT_CONVERSION = YES_AGGRESSIVE;
				CLANG_CXX_LANGUAGE_STANDARD = "gnu++20";
				CLANG_ENABLE_MODULES = YES;
				CLANG_ENABLE_OBJC_ARC = YES;
				CLANG_ENABLE_OBJC_WEAK = YES;
				CLANG_WARN_BLOCK_CAPTURE_AUTORELEASING = YES;
				CLANG_WARN_BOOL_CONVERSION = YES;
				CLANG_WARN_COMMA = YES;
				CLANG_WARN_CONSTANT_CONVERSION = YES;
				CLANG_WARN_DEPRECATED_OBJC_IMPLEMENTATIONS = YES;
				CLANG_WARN_DIRECT_OBJC_ISA_USAGE = YES_ERROR;
				CLANG_WARN_DOCUMENTATION_COMMENTS = YES;
				CLANG_WARN_EMPTY_BODY = YES;
				CLANG_WARN_ENUM_CONVERSION = YES;
				CLANG_WARN_INFINITE_RECURSION = YES;
				CLANG_WARN_INT_CONVERSION = YES;
				CLANG_WARN_NON_LITERAL_NULL_CONVERSION = YES;
				CLANG_WARN_OBJC_IMPLICIT_RETAIN_SELF = YES;
				CLANG_WARN_OBJC_LITERAL_CONVERSION = YES;
				CLANG_WARN_OBJC_ROOT_CLASS = YES_ERROR;
				CLANG_WARN_QUOTED_INCLUDE_IN_FRAMEWORK_HEADER = YES;
				CLANG_WARN_RANGE_LOOP_ANALYSIS = YES;
				CLANG_WARN_STRICT_PROTOTYPES = YES;
				CLANG_WARN_SUSPICIOUS_MOVE = YES;
				CLANG_WARN_UNGUARDED_AVAILABILITY = YES_AGGRESSIVE;
				CLANG_WARN_UNREACHABLE_CODE = YES;
				CLANG_WARN__DUPLICATE_METHOD_MATCH = YES;
				COPY_PHASE_STRIP = NO;
				DEBUG_INFORMATION_FORMAT = dwarf;
				ENABLE_STRICT_OBJC_MSGSEND = YES;
				ENABLE_TESTABILITY = YES;
				ENABLE_USER_SCRIPT_SANDBOXING = YES;
				GCC_C_LANGUAGE_STANDARD = gnu17;
				GCC_DYNAMIC_NO_PIC = NO;
				GCC_NO_COMMON_BLOCKS = YES;
				GCC_OPTIMIZATION_LEVEL = 0;
				GCC_PREPROCESSOR_DEFINITIONS = (
					"DEBUG=1",
					"$(inherited)",
				);
				GCC_WARN_64_TO_32_BIT_CONVERSION = YES;
				GCC_WARN_ABOUT_RETURN_TYPE = YES_ERROR;
				GCC_WARN_UNDECLARED_SELECTOR = YES;
				GCC_WARN_UNINITIALIZED_AUTOS = YES_AGGRESSIVE;
				GCC_WARN_UNUSED_FUNCTION = YES;
				GCC_WARN_UNUSED_VARIABLE = YES;
				IPHONEOS_DEPLOYMENT_TARGET = 18.2;
				LOCALIZATION_PREFERS_STRING_CATALOGS = YES;
				MTL_ENABLE_DEBUG_INFO = INCLUDE_SOURCE;
				MTL_FAST_MATH = YES;
				ONLY_ACTIVE_ARCH = YES;
				SDKROOT = iphoneos;
				SWIFT_ACTIVE_COMPILATION_CONDITIONS = "DEBUG $(inherited)";
				SWIFT_OPTIMIZATION_LEVEL = "-Onone";
			};
			name = Debug;
		};
		61CB69B12D181B8C0049626B /* Release */ = {
			isa = XCBuildConfiguration;
			buildSettings = {
				ALWAYS_SEARCH_USER_PATHS = NO;
				ASSETCATALOG_COMPILER_GENERATE_SWIFT_ASSET_SYMBOL_EXTENSIONS = YES;
				CLANG_ANALYZER_NONNULL = YES;
				CLANG_ANALYZER_NUMBER_OBJECT_CONVERSION = YES_AGGRESSIVE;
				CLANG_CXX_LANGUAGE_STANDARD = "gnu++20";
				CLANG_ENABLE_MODULES = YES;
				CLANG_ENABLE_OBJC_ARC = YES;
				CLANG_ENABLE_OBJC_WEAK = YES;
				CLANG_WARN_BLOCK_CAPTURE_AUTORELEASING = YES;
				CLANG_WARN_BOOL_CONVERSION = YES;
				CLANG_WARN_COMMA = YES;
				CLANG_WARN_CONSTANT_CONVERSION = YES;
				CLANG_WARN_DEPRECATED_OBJC_IMPLEMENTATIONS = YES;
				CLANG_WARN_DIRECT_OBJC_ISA_USAGE = YES_ERROR;
				CLANG_WARN_DOCUMENTATION_COMMENTS = YES;
				CLANG_WARN_EMPTY_BODY = YES;
				CLANG_WARN_ENUM_CONVERSION = YES;
				CLANG_WARN_INFINITE_RECURSION = YES;
				CLANG_WARN_INT_CONVERSION = YES;
				CLANG_WARN_NON_LITERAL_NULL_CONVERSION = YES;
				CLANG_WARN_OBJC_IMPLICIT_RETAIN_SELF = YES;
				CLANG_WARN_OBJC_LITERAL_CONVERSION = YES;
				CLANG_WARN_OBJC_ROOT_CLASS = YES_ERROR;
				CLANG_WARN_QUOTED_INCLUDE_IN_FRAMEWORK_HEADER = YES;
				CLANG_WARN_RANGE_LOOP_ANALYSIS = YES;
				CLANG_WARN_STRICT_PROTOTYPES = YES;
				CLANG_WARN_SUSPICIOUS_MOVE = YES;
				CLANG_WARN_UNGUARDED_AVAILABILITY = YES_AGGRESSIVE;
				CLANG_WARN_UNREACHABLE_CODE = YES;
				CLANG_WARN__DUPLICATE_METHOD_MATCH = YES;
				COPY_PHASE_STRIP = NO;
				DEBUG_INFORMATION_FORMAT = "dwarf-with-dsym";
				ENABLE_NS_ASSERTIONS = NO;
				ENABLE_STRICT_OBJC_MSGSEND = YES;
				ENABLE_USER_SCRIPT_SANDBOXING = YES;
				GCC_C_LANGUAGE_STANDARD = gnu17;
				GCC_NO_COMMON_BLOCKS = YES;
				GCC_WARN_64_TO_32_BIT_CONVERSION = YES;
				GCC_WARN_ABOUT_RETURN_TYPE = YES_ERROR;
				GCC_WARN_UNDECLARED_SELECTOR = YES;
				GCC_WARN_UNINITIALIZED_AUTOS = YES_AGGRESSIVE;
				GCC_WARN_UNUSED_FUNCTION = YES;
				GCC_WARN_UNUSED_VARIABLE = YES;
				IPHONEOS_DEPLOYMENT_TARGET = 18.2;
				LOCALIZATION_PREFERS_STRING_CATALOGS = YES;
				MTL_ENABLE_DEBUG_INFO = NO;
				MTL_FAST_MATH = YES;
				SDKROOT = iphoneos;
				SWIFT_COMPILATION_MODE = wholemodule;
				VALIDATE_PRODUCT = YES;
			};
			name = Release;
		};
/* End XCBuildConfiguration section */

/* Begin XCConfigurationList section */
		61CB69952D181B8A0049626B /* Build configuration list for PBXProject "NetworkingHW32" */ = {
			isa = XCConfigurationList;
			buildConfigurations = (
				61CB69B02D181B8C0049626B /* Debug */,
				61CB69B12D181B8C0049626B /* Release */,
			);
			defaultConfigurationIsVisible = 0;
			defaultConfigurationName = Release;
		};
		61CB69AD2D181B8C0049626B /* Build configuration list for PBXNativeTarget "NetworkingHW32" */ = {
			isa = XCConfigurationList;
			buildConfigurations = (
				61CB69AE2D181B8C0049626B /* Debug */,
				61CB69AF2D181B8C0049626B /* Release */,
			);
			defaultConfigurationIsVisible = 0;
			defaultConfigurationName = Release;
		};
/* End XCConfigurationList section */
	};
	rootObject = 61CB69922D181B8A0049626B /* Project object */;
}
